
Microsoft Visual Studio Solution File, Format Version 12.00
# Visual Studio 2013
VisualStudioVersion = 12.0.31101.0
MinimumVisualStudioVersion = 10.0.40219.1
Project("{FAE04EC0-301F-11D3-BF4B-00C04F79EFBC}") = "Recipe.Data", "Recipe.Data\Recipe.Data.csproj", "{AEAA8765-EFB9-46E0-8C98-783B52968C09}"
EndProject
Project("{FAE04EC0-301F-11D3-BF4B-00C04F79EFBC}") = "Recipe.Web", "Recipe.Web\Recipe.Web.csproj", "{E4CB64C7-F145-4D86-AF2E-F39BC8BC6D54}"
EndProject
Project("{FAE04EC0-301F-11D3-BF4B-00C04F79EFBC}") = "Recipe.Service", "ClassLibrary1\Recipe.Service.csproj", "{EBA5D769-D740-40AB-AEB3-279A146760D1}"
EndProject
Global
	GlobalSection(SolutionConfigurationPlatforms) = preSolution
		Debug|Any CPU = Debug|Any CPU
		Release|Any CPU = Release|Any CPU
	EndGlobalSection
	GlobalSection(ProjectConfigurationPlatforms) = postSolution
		{AEAA8765-EFB9-46E0-8C98-783B52968C09}.Debug|Any CPU.ActiveCfg = Debug|Any CPU
		{AEAA8765-EFB9-46E0-8C98-783B52968C09}.Debug|Any CPU.Build.0 = Debug|Any CPU
		{AEAA8765-EFB9-46E0-8C98-783B52968C09}.Release|Any CPU.ActiveCfg = Release|Any CPU
		{AEAA8765-EFB9-46E0-8C98-783B52968C09}.Release|Any CPU.Build.0 = Release|Any CPU
		{E4CB64C7-F145-4D86-AF2E-F39BC8BC6D54}.Debug|Any CPU.ActiveCfg = Debug|Any CPU
		{E4CB64C7-F145-4D86-AF2E-F39BC8BC6D54}.Debug|Any CPU.Build.0 = Debug|Any CPU
		{E4CB64C7-F145-4D86-AF2E-F39BC8BC6D54}.Release|Any CPU.ActiveCfg = Release|Any CPU
		{E4CB64C7-F145-4D86-AF2E-F39BC8BC6D54}.Release|Any CPU.Build.0 = Release|Any CPU
		{EBA5D769-D740-40AB-AEB3-279A146760D1}.Debug|Any CPU.ActiveCfg = Debug|Any CPU
		{EBA5D769-D740-40AB-AEB3-279A146760D1}.Debug|Any CPU.Build.0 = Debug|Any CPU
		{EBA5D769-D740-40AB-AEB3-279A146760D1}.Release|Any CPU.ActiveCfg = Release|Any CPU
		{EBA5D769-D740-40AB-AEB3-279A146760D1}.Release|Any CPU.Build.0 = Release|Any CPU
	EndGlobalSection
	GlobalSection(SolutionProperties) = preSolution
		HideSolutionNode = FALSE
	EndGlobalSection
EndGlobal
